PODS:
  - Mapbox-iOS-SDK (3.4.0-beta.4)

DEPENDENCIES:
  - Mapbox-iOS-SDK (from `https://raw.githubusercontent.com/mapbox/mapbox-gl-native/ios-v3.4.0-beta.4/platform/ios/Mapbox-iOS-SDK.podspec`)

EXTERNAL SOURCES:
  Mapbox-iOS-SDK:
    :podspec: https://raw.githubusercontent.com/mapbox/mapbox-gl-native/ios-v3.4.0-beta.4/platform/ios/Mapbox-iOS-SDK.podspec

SPEC CHECKSUMS:
  Mapbox-iOS-SDK: 15a564af25ef0aafc4899378c41842cc2be84cc8

PODFILE CHECKSUM: c14a64a058dded65255935524bdea5e257f1106f

COCOAPODS: 1.1.1
